
Microsoft Visual Studio Solution File, Format Version 12.00
# Visual Studio Version 16
VisualStudioVersion = 16.0.31112.23
MinimumVisualStudioVersion = 10.0.40219.1
Project("{9A19103F-16F7-4668-BE54-9A1E7A4F7556}") = "RPK", "RPK\RPK.csproj", "{4D308277-419B-4787-B466-891C0DAE7053}"
EndProject
Project("{FAE04EC0-301F-11D3-BF4B-00C04F79EFBC}") = "InterfaceElements", "InterfaceElements\InterfaceElements.csproj", "{3B11B4CD-F7BE-45BF-84C8-B7034044AE40}"
EndProject
Project("{FAE04EC0-301F-11D3-BF4B-00C04F79EFBC}") = "DataValidation", "DataValidation\DataValidation.csproj", "{3421123C-7EDB-4CDE-B5CD-A4B341E4EBF5}"
EndProject
Global
	GlobalSection(SolutionConfigurationPlatforms) = preSolution
		Debug|Any CPU = Debug|Any CPU
		Release|Any CPU = Release|Any CPU
	EndGlobalSection
	GlobalSection(ProjectConfigurationPlatforms) = postSolution
		{4D308277-419B-4787-B466-891C0DAE7053}.Debug|Any CPU.ActiveCfg = Debug|Any CPU
		{4D308277-419B-4787-B466-891C0DAE7053}.Debug|Any CPU.Build.0 = Debug|Any CPU
		{4D308277-419B-4787-B466-891C0DAE7053}.Release|Any CPU.ActiveCfg = Release|Any CPU
		{4D308277-419B-4787-B466-891C0DAE7053}.Release|Any CPU.Build.0 = Release|Any CPU
		{3B11B4CD-F7BE-45BF-84C8-B7034044AE40}.Debug|Any CPU.ActiveCfg = Debug|Any CPU
		{3B11B4CD-F7BE-45BF-84C8-B7034044AE40}.Debug|Any CPU.Build.0 = Debug|Any CPU
		{3B11B4CD-F7BE-45BF-84C8-B7034044AE40}.Release|Any CPU.ActiveCfg = Release|Any CPU
		{3B11B4CD-F7BE-45BF-84C8-B7034044AE40}.Release|Any CPU.Build.0 = Release|Any CPU
		{3421123C-7EDB-4CDE-B5CD-A4B341E4EBF5}.Debug|Any CPU.ActiveCfg = Debug|Any CPU
		{3421123C-7EDB-4CDE-B5CD-A4B341E4EBF5}.Debug|Any CPU.Build.0 = Debug|Any CPU
		{3421123C-7EDB-4CDE-B5CD-A4B341E4EBF5}.Release|Any CPU.ActiveCfg = Release|Any CPU
		{3421123C-7EDB-4CDE-B5CD-A4B341E4EBF5}.Release|Any CPU.Build.0 = Release|Any CPU
	EndGlobalSection
	GlobalSection(SolutionProperties) = preSolution
		HideSolutionNode = FALSE
	EndGlobalSection
	GlobalSection(ExtensibilityGlobals) = postSolution
		SolutionGuid = {E386A72F-6156-4DF8-9166-574D033210F8}
	EndGlobalSection
EndGlobal
